
Microsoft Visual Studio Solution File, Format Version 12.00
# Visual Studio Version 17
VisualStudioVersion = 17.11.35327.3
MinimumVisualStudioVersion = 10.0.40219.1
Project("{FAE04EC0-301F-11D3-BF4B-00C04F79EFBC}") = "EMS Project", "EMS Project.csproj", "{9067B406-78C1-4A14-9ECB-4E2256B79F74}"
EndProject
Global
	GlobalSection(SolutionConfigurationPlatforms) = preSolution
		Debug|Any CPU = Debug|Any CPU
		Release|Any CPU = Release|Any CPU
	EndGlobalSection
	GlobalSection(ProjectConfigurationPlatforms) = postSolution
		{9067B406-78C1-4A14-9ECB-4E2256B79F74}.Debug|Any CPU.ActiveCfg = Debug|Any CPU
		{9067B406-78C1-4A14-9ECB-4E2256B79F74}.Debug|Any CPU.Build.0 = Debug|Any CPU
		{9067B406-78C1-4A14-9ECB-4E2256B79F74}.Release|Any CPU.ActiveCfg = Release|Any CPU
		{9067B406-78C1-4A14-9ECB-4E2256B79F74}.Release|Any CPU.Build.0 = Release|Any CPU
	EndGlobalSection
	GlobalSection(SolutionProperties) = preSolution
		HideSolutionNode = FALSE
	EndGlobalSection
	GlobalSection(ExtensibilityGlobals) = postSolution
		SolutionGuid = {F16B828D-7125-4788-A3D4-23D3B8C8890D}
	EndGlobalSection
EndGlobal
